
Microsoft Visual Studio Solution File, Format Version 12.00
# Visual Studio Version 17
VisualStudioVersion = 17.5.002.0
MinimumVisualStudioVersion = 10.0.40219.1
Project("{9A19103F-16F7-4668-BE54-9A1E7A4F7556}") = "dotnet-prometheus-grafana", "dotnet-prometheus-grafana.csproj", "{EE30A4D6-81FC-4E7F-A91F-1DEC49240E7D}"
EndProject
Global
	GlobalSection(SolutionConfigurationPlatforms) = preSolution
		Debug|Any CPU = Debug|Any CPU
		Release|Any CPU = Release|Any CPU
	EndGlobalSection
	GlobalSection(ProjectConfigurationPlatforms) = postSolution
		{EE30A4D6-81FC-4E7F-A91F-1DEC49240E7D}.Debug|Any CPU.ActiveCfg = Debug|Any CPU
		{EE30A4D6-81FC-4E7F-A91F-1DEC49240E7D}.Debug|Any CPU.Build.0 = Debug|Any CPU
		{EE30A4D6-81FC-4E7F-A91F-1DEC49240E7D}.Release|Any CPU.ActiveCfg = Release|Any CPU
		{EE30A4D6-81FC-4E7F-A91F-1DEC49240E7D}.Release|Any CPU.Build.0 = Release|Any CPU
	EndGlobalSection
	GlobalSection(SolutionProperties) = preSolution
		HideSolutionNode = FALSE
	EndGlobalSection
	GlobalSection(ExtensibilityGlobals) = postSolution
		SolutionGuid = {A633E82D-5432-4234-B11D-8D368F624720}
	EndGlobalSection
EndGlobal
