
Microsoft Visual Studio Solution File, Format Version 12.00
# Visual Studio Version 17
VisualStudioVersion = 17.0.31903.59
MinimumVisualStudioVersion = 10.0.40219.1
Project("{FAE04EC0-301F-11D3-BF4B-00C04F79EFBC}") = "TodoApi", "TodoApi\TodoApi.csproj", "{D5742891-9333-4D0B-924A-62F08A125197}"
EndProject
Project("{FAE04EC0-301F-11D3-BF4B-00C04F79EFBC}") = "BookStoreApi", "BookStoreApi\BookStoreApi.csproj", "{F7CC9053-B6EC-4C1F-ABAD-9B895812C8D1}"
EndProject
Project("{FAE04EC0-301F-11D3-BF4B-00C04F79EFBC}") = "GrpcCalculatorServer", "GrpcCalculatorServer\GrpcCalculatorServer.csproj", "{F40EF47D-2015-4327-BB92-9DD519A4E641}"
EndProject
Project("{FAE04EC0-301F-11D3-BF4B-00C04F79EFBC}") = "GrpcSpecFlowCalculator", "GrpcSpecFlowCalculator\GrpcSpecFlowCalculator.csproj", "{CA5E4EDE-7BA3-4A61-A175-DE3493015C94}"
EndProject
Project("{FAE04EC0-301F-11D3-BF4B-00C04F79EFBC}") = "nUnitTest", "nUnitTest\nUnitTest.csproj", "{B5B9C317-14B3-4421-AA46-D7CD1C75F5A2}"
EndProject
Project("{FAE04EC0-301F-11D3-BF4B-00C04F79EFBC}") = "ResilienceWithPolly", "ResilienceWithPolly\ResilienceWithPolly.csproj", "{0B4C1687-9218-4744-9233-1CE60B4CCB0E}"
EndProject
Project("{FAE04EC0-301F-11D3-BF4B-00C04F79EFBC}") = "BenchmarkDotnetExample", "BenchmarkDotnetExample\BenchmarkDotnetExample.csproj", "{954BC158-26A2-43DC-BD5B-FC95E0A6473B}"
EndProject
Project("{FAE04EC0-301F-11D3-BF4B-00C04F79EFBC}") = "AsyncTaskExample", "AsyncTaskExample\AsyncTaskExample.csproj", "{AE954565-D0AC-4B40-BFC2-837B38BA131E}"
EndProject
Project("{FAE04EC0-301F-11D3-BF4B-00C04F79EFBC}") = "SyncAndAsync", "SyncAndAsync\SyncAndAsync.csproj", "{8315E05A-6758-443B-8C26-A6E32A7C3A48}"
EndProject
Global
	GlobalSection(SolutionConfigurationPlatforms) = preSolution
		Debug|Any CPU = Debug|Any CPU
		Release|Any CPU = Release|Any CPU
	EndGlobalSection
	GlobalSection(SolutionProperties) = preSolution
		HideSolutionNode = FALSE
	EndGlobalSection
	GlobalSection(ProjectConfigurationPlatforms) = postSolution
		{D5742891-9333-4D0B-924A-62F08A125197}.Debug|Any CPU.ActiveCfg = Debug|Any CPU
		{D5742891-9333-4D0B-924A-62F08A125197}.Debug|Any CPU.Build.0 = Debug|Any CPU
		{D5742891-9333-4D0B-924A-62F08A125197}.Release|Any CPU.ActiveCfg = Release|Any CPU
		{D5742891-9333-4D0B-924A-62F08A125197}.Release|Any CPU.Build.0 = Release|Any CPU
		{F7CC9053-B6EC-4C1F-ABAD-9B895812C8D1}.Debug|Any CPU.ActiveCfg = Debug|Any CPU
		{F7CC9053-B6EC-4C1F-ABAD-9B895812C8D1}.Debug|Any CPU.Build.0 = Debug|Any CPU
		{F7CC9053-B6EC-4C1F-ABAD-9B895812C8D1}.Release|Any CPU.ActiveCfg = Release|Any CPU
		{F7CC9053-B6EC-4C1F-ABAD-9B895812C8D1}.Release|Any CPU.Build.0 = Release|Any CPU
		{F40EF47D-2015-4327-BB92-9DD519A4E641}.Debug|Any CPU.ActiveCfg = Debug|Any CPU
		{F40EF47D-2015-4327-BB92-9DD519A4E641}.Debug|Any CPU.Build.0 = Debug|Any CPU
		{F40EF47D-2015-4327-BB92-9DD519A4E641}.Release|Any CPU.ActiveCfg = Release|Any CPU
		{F40EF47D-2015-4327-BB92-9DD519A4E641}.Release|Any CPU.Build.0 = Release|Any CPU
		{CA5E4EDE-7BA3-4A61-A175-DE3493015C94}.Debug|Any CPU.ActiveCfg = Debug|Any CPU
		{CA5E4EDE-7BA3-4A61-A175-DE3493015C94}.Debug|Any CPU.Build.0 = Debug|Any CPU
		{CA5E4EDE-7BA3-4A61-A175-DE3493015C94}.Release|Any CPU.ActiveCfg = Release|Any CPU
		{CA5E4EDE-7BA3-4A61-A175-DE3493015C94}.Release|Any CPU.Build.0 = Release|Any CPU
		{B5B9C317-14B3-4421-AA46-D7CD1C75F5A2}.Debug|Any CPU.ActiveCfg = Debug|Any CPU
		{B5B9C317-14B3-4421-AA46-D7CD1C75F5A2}.Debug|Any CPU.Build.0 = Debug|Any CPU
		{B5B9C317-14B3-4421-AA46-D7CD1C75F5A2}.Release|Any CPU.ActiveCfg = Release|Any CPU
		{B5B9C317-14B3-4421-AA46-D7CD1C75F5A2}.Release|Any CPU.Build.0 = Release|Any CPU
		{0B4C1687-9218-4744-9233-1CE60B4CCB0E}.Debug|Any CPU.ActiveCfg = Debug|Any CPU
		{0B4C1687-9218-4744-9233-1CE60B4CCB0E}.Debug|Any CPU.Build.0 = Debug|Any CPU
		{0B4C1687-9218-4744-9233-1CE60B4CCB0E}.Release|Any CPU.ActiveCfg = Release|Any CPU
		{0B4C1687-9218-4744-9233-1CE60B4CCB0E}.Release|Any CPU.Build.0 = Release|Any CPU
		{954BC158-26A2-43DC-BD5B-FC95E0A6473B}.Debug|Any CPU.ActiveCfg = Debug|Any CPU
		{954BC158-26A2-43DC-BD5B-FC95E0A6473B}.Debug|Any CPU.Build.0 = Debug|Any CPU
		{954BC158-26A2-43DC-BD5B-FC95E0A6473B}.Release|Any CPU.ActiveCfg = Release|Any CPU
		{954BC158-26A2-43DC-BD5B-FC95E0A6473B}.Release|Any CPU.Build.0 = Release|Any CPU
		{AE954565-D0AC-4B40-BFC2-837B38BA131E}.Debug|Any CPU.ActiveCfg = Debug|Any CPU
		{AE954565-D0AC-4B40-BFC2-837B38BA131E}.Debug|Any CPU.Build.0 = Debug|Any CPU
		{AE954565-D0AC-4B40-BFC2-837B38BA131E}.Release|Any CPU.ActiveCfg = Release|Any CPU
		{AE954565-D0AC-4B40-BFC2-837B38BA131E}.Release|Any CPU.Build.0 = Release|Any CPU
		{8315E05A-6758-443B-8C26-A6E32A7C3A48}.Debug|Any CPU.ActiveCfg = Debug|Any CPU
		{8315E05A-6758-443B-8C26-A6E32A7C3A48}.Debug|Any CPU.Build.0 = Debug|Any CPU
		{8315E05A-6758-443B-8C26-A6E32A7C3A48}.Release|Any CPU.ActiveCfg = Release|Any CPU
		{8315E05A-6758-443B-8C26-A6E32A7C3A48}.Release|Any CPU.Build.0 = Release|Any CPU
	EndGlobalSection
EndGlobal
